
Microsoft Visual Studio Solution File, Format Version 12.00
# Visual Studio 15
VisualStudioVersion = 15.0.27703.2026
MinimumVisualStudioVersion = 10.0.40219.1
Project("{FAE04EC0-301F-11D3-BF4B-00C04F79EFBC}") = "Day2_Operators", "30 Days of Code\Day2_Operators\Day2_Operators.csproj", "{BE7F31A4-431F-4912-A124-82152C85FECF}"
EndProject
Project("{FAE04EC0-301F-11D3-BF4B-00C04F79EFBC}") = "Day3_Intro to Conditional Statements", "30 Days of Code\Day3_Intro to Conditional Statements\Day3_Intro to Conditional Statements.csproj", "{0FB38599-4DC4-4F3A-B667-118E1008E338}"
EndProject
Project("{FAE04EC0-301F-11D3-BF4B-00C04F79EFBC}") = "Day4_Class vs Instance", "30 Days of Code\Day4_Class vs Instance\Day4_Class vs Instance.csproj", "{51A85AE5-7E0E-4EE4-A95E-D27CCD908441}"
EndProject
Project("{FAE04EC0-301F-11D3-BF4B-00C04F79EFBC}") = "Day5_Loops", "30 Days of Code\Day5_Loops\Day5_Loops.csproj", "{1E30ED3A-2772-42C4-8A2E-B6D09EE90D04}"
EndProject
Project("{FAE04EC0-301F-11D3-BF4B-00C04F79EFBC}") = "Day6_Let'sReview", "30 Days of Code\Day6_Let'sReview\Day6_Let'sReview.csproj", "{E878D048-ED3E-432E-896D-E6D8BD0F1F0B}"
EndProject
Project("{FAE04EC0-301F-11D3-BF4B-00C04F79EFBC}") = "Day7_Arrays", "30 Days of Code\Day7_Arrays\Day7_Arrays.csproj", "{2050438E-C445-410A-987C-A9F146AB870D}"
EndProject
Project("{FAE04EC0-301F-11D3-BF4B-00C04F79EFBC}") = "Day8_Dictionaries and Maps", "30 Days of Code\Day8_Dictionaries and Maps\Day8_Dictionaries and Maps.csproj", "{F4FCCE0A-93E4-47A9-AD7F-C89F99C45C9E}"
EndProject
Project("{FAE04EC0-301F-11D3-BF4B-00C04F79EFBC}") = "Day9_Recursion 3", "30 Days of Code\Day9_Recursion 3\Day9_Recursion 3.csproj", "{396F50EC-4CFE-4B28-AEAF-9B5BCA6C4283}"
EndProject
Project("{FAE04EC0-301F-11D3-BF4B-00C04F79EFBC}") = "Day10_Binary Numbers", "30 Days of Code\Day10_Binary Numbers\Day10_Binary Numbers.csproj", "{C02D7083-3745-4A64-ABE6-3C47EF4B55B9}"
EndProject
Project("{FAE04EC0-301F-11D3-BF4B-00C04F79EFBC}") = "Day11_2D Arrays", "30 Days of Code\Day11_2D Arrays\Day11_2D Arrays.csproj", "{8890242A-BD65-4EFD-AFF2-F76F87B45C91}"
EndProject
Global
	GlobalSection(SolutionConfigurationPlatforms) = preSolution
		Debug|Any CPU = Debug|Any CPU
		Release|Any CPU = Release|Any CPU
	EndGlobalSection
	GlobalSection(ProjectConfigurationPlatforms) = postSolution
		{BE7F31A4-431F-4912-A124-82152C85FECF}.Debug|Any CPU.ActiveCfg = Debug|Any CPU
		{BE7F31A4-431F-4912-A124-82152C85FECF}.Debug|Any CPU.Build.0 = Debug|Any CPU
		{BE7F31A4-431F-4912-A124-82152C85FECF}.Release|Any CPU.ActiveCfg = Release|Any CPU
		{BE7F31A4-431F-4912-A124-82152C85FECF}.Release|Any CPU.Build.0 = Release|Any CPU
		{0FB38599-4DC4-4F3A-B667-118E1008E338}.Debug|Any CPU.ActiveCfg = Debug|Any CPU
		{0FB38599-4DC4-4F3A-B667-118E1008E338}.Debug|Any CPU.Build.0 = Debug|Any CPU
		{0FB38599-4DC4-4F3A-B667-118E1008E338}.Release|Any CPU.ActiveCfg = Release|Any CPU
		{0FB38599-4DC4-4F3A-B667-118E1008E338}.Release|Any CPU.Build.0 = Release|Any CPU
		{51A85AE5-7E0E-4EE4-A95E-D27CCD908441}.Debug|Any CPU.ActiveCfg = Debug|Any CPU
		{51A85AE5-7E0E-4EE4-A95E-D27CCD908441}.Debug|Any CPU.Build.0 = Debug|Any CPU
		{51A85AE5-7E0E-4EE4-A95E-D27CCD908441}.Release|Any CPU.ActiveCfg = Release|Any CPU
		{51A85AE5-7E0E-4EE4-A95E-D27CCD908441}.Release|Any CPU.Build.0 = Release|Any CPU
		{1E30ED3A-2772-42C4-8A2E-B6D09EE90D04}.Debug|Any CPU.ActiveCfg = Debug|Any CPU
		{1E30ED3A-2772-42C4-8A2E-B6D09EE90D04}.Debug|Any CPU.Build.0 = Debug|Any CPU
		{1E30ED3A-2772-42C4-8A2E-B6D09EE90D04}.Release|Any CPU.ActiveCfg = Release|Any CPU
		{1E30ED3A-2772-42C4-8A2E-B6D09EE90D04}.Release|Any CPU.Build.0 = Release|Any CPU
		{E878D048-ED3E-432E-896D-E6D8BD0F1F0B}.Debug|Any CPU.ActiveCfg = Debug|Any CPU
		{E878D048-ED3E-432E-896D-E6D8BD0F1F0B}.Debug|Any CPU.Build.0 = Debug|Any CPU
		{E878D048-ED3E-432E-896D-E6D8BD0F1F0B}.Release|Any CPU.ActiveCfg = Release|Any CPU
		{E878D048-ED3E-432E-896D-E6D8BD0F1F0B}.Release|Any CPU.Build.0 = Release|Any CPU
		{2050438E-C445-410A-987C-A9F146AB870D}.Debug|Any CPU.ActiveCfg = Debug|Any CPU
		{2050438E-C445-410A-987C-A9F146AB870D}.Debug|Any CPU.Build.0 = Debug|Any CPU
		{2050438E-C445-410A-987C-A9F146AB870D}.Release|Any CPU.ActiveCfg = Release|Any CPU
		{2050438E-C445-410A-987C-A9F146AB870D}.Release|Any CPU.Build.0 = Release|Any CPU
		{F4FCCE0A-93E4-47A9-AD7F-C89F99C45C9E}.Debug|Any CPU.ActiveCfg = Debug|Any CPU
		{F4FCCE0A-93E4-47A9-AD7F-C89F99C45C9E}.Debug|Any CPU.Build.0 = Debug|Any CPU
		{F4FCCE0A-93E4-47A9-AD7F-C89F99C45C9E}.Release|Any CPU.ActiveCfg = Release|Any CPU
		{F4FCCE0A-93E4-47A9-AD7F-C89F99C45C9E}.Release|Any CPU.Build.0 = Release|Any CPU
		{396F50EC-4CFE-4B28-AEAF-9B5BCA6C4283}.Debug|Any CPU.ActiveCfg = Debug|Any CPU
		{396F50EC-4CFE-4B28-AEAF-9B5BCA6C4283}.Debug|Any CPU.Build.0 = Debug|Any CPU
		{396F50EC-4CFE-4B28-AEAF-9B5BCA6C4283}.Release|Any CPU.ActiveCfg = Release|Any CPU
		{396F50EC-4CFE-4B28-AEAF-9B5BCA6C4283}.Release|Any CPU.Build.0 = Release|Any CPU
		{C02D7083-3745-4A64-ABE6-3C47EF4B55B9}.Debug|Any CPU.ActiveCfg = Debug|Any CPU
		{C02D7083-3745-4A64-ABE6-3C47EF4B55B9}.Debug|Any CPU.Build.0 = Debug|Any CPU
		{C02D7083-3745-4A64-ABE6-3C47EF4B55B9}.Release|Any CPU.ActiveCfg = Release|Any CPU
		{C02D7083-3745-4A64-ABE6-3C47EF4B55B9}.Release|Any CPU.Build.0 = Release|Any CPU
		{8890242A-BD65-4EFD-AFF2-F76F87B45C91}.Debug|Any CPU.ActiveCfg = Debug|Any CPU
		{8890242A-BD65-4EFD-AFF2-F76F87B45C91}.Debug|Any CPU.Build.0 = Debug|Any CPU
		{8890242A-BD65-4EFD-AFF2-F76F87B45C91}.Release|Any CPU.ActiveCfg = Release|Any CPU
		{8890242A-BD65-4EFD-AFF2-F76F87B45C91}.Release|Any CPU.Build.0 = Release|Any CPU
	EndGlobalSection
	GlobalSection(SolutionProperties) = preSolution
		HideSolutionNode = FALSE
	EndGlobalSection
	GlobalSection(ExtensibilityGlobals) = postSolution
		SolutionGuid = {F827D43E-DDA6-4FB7-B2E4-79EC7A7F130E}
	EndGlobalSection
EndGlobal
